{
  "name": "weby-zari",
  "lockfileVersion": 3,
  "requires": true,
  "packages": {
    "": {
      "dependencies": {
        "bootstrap5": "^1.1.9",
        "bootswatch": "^5.3.3",
        "flag-icons": "^7.2.3"
      }
    },
    "node_modules/bootstrap5": {
      "version": "1.1.9",
      "resolved": "https://registry.npmjs.org/bootstrap5/-/bootstrap5-1.1.9.tgz",
      "integrity": "sha512-XZSujP1vsslV7iUgPHRLobe+rL7pYUvZaK2Erk0r45m00cQZz/No3Ua7cenlCFLN+gOMEWYU+ipa8Ktzz79oVA==",
      "license": "MIT"
    },
    "node_modules/bootswatch": {
      "version": "5.3.3",
      "resolved": "https://registry.npmjs.org/bootswatch/-/bootswatch-5.3.3.tgz",
      "integrity": "sha512-cJLhobnZsVCelU7zdH/L7wpcXAyUoTX4/5l2dWQ0JXgaVK80BdTQNU/ImWwoyIGBeyms4iQDAdNtOfPQZf0Atg==",
      "license": "MIT"
    },
    "node_modules/flag-icons": {
      "version": "7.2.3",
      "resolved": "https://registry.npmjs.org/flag-icons/-/flag-icons-7.2.3.tgz",
      "integrity": "sha512-X2gUdteNuqdNqob2KKTJTS+ZCvyWeLCtDz9Ty8uJP17Y4o82Y+U/Vd4JNrdwTAjagYsRznOn9DZ+E/Q52qbmqg==",
      "license": "MIT"
    }
  }
}
